
Microsoft Visual Studio Solution File, Format Version 12.00
# Visual Studio 15
VisualStudioVersion = 15.0.27130.2036
MinimumVisualStudioVersion = 10.0.40219.1
Project("{FAE04EC0-301F-11D3-BF4B-00C04F79EFBC}") = "EmployeeDictionary", "EmployeeDictionary\EmployeeDictionary.csproj", "{BAFB9D02-5D6B-4BAA-A7AE-3A7EA8BDE151}"
EndProject
Global
	GlobalSection(SolutionConfigurationPlatforms) = preSolution
		Debug|Any CPU = Debug|Any CPU
		Release|Any CPU = Release|Any CPU
	EndGlobalSection
	GlobalSection(ProjectConfigurationPlatforms) = postSolution
		{BAFB9D02-5D6B-4BAA-A7AE-3A7EA8BDE151}.Debug|Any CPU.ActiveCfg = Debug|Any CPU
		{BAFB9D02-5D6B-4BAA-A7AE-3A7EA8BDE151}.Debug|Any CPU.Build.0 = Debug|Any CPU
		{BAFB9D02-5D6B-4BAA-A7AE-3A7EA8BDE151}.Release|Any CPU.ActiveCfg = Release|Any CPU
		{BAFB9D02-5D6B-4BAA-A7AE-3A7EA8BDE151}.Release|Any CPU.Build.0 = Release|Any CPU
	EndGlobalSection
	GlobalSection(SolutionProperties) = preSolution
		HideSolutionNode = FALSE
	EndGlobalSection
	GlobalSection(ExtensibilityGlobals) = postSolution
		SolutionGuid = {BA80F8DC-BC12-4770-BB36-C5B76F2C5862}
	EndGlobalSection
EndGlobal
